
Microsoft Visual Studio Solution File, Format Version 12.00
# Visual Studio Version 17
VisualStudioVersion = 17.0.31903.59
MinimumVisualStudioVersion = 10.0.40219.1
Project("{FAE04EC0-301F-11D3-BF4B-00C04F79EFBC}") = "OAuthDemo.Api", "OAuthDemo.Api\OAuthDemo.Api.csproj", "{D1CF94CE-9D12-45E7-8B6F-F73AFAF8DADB}"
EndProject
Global
	GlobalSection(SolutionConfigurationPlatforms) = preSolution
		Debug|Any CPU = Debug|Any CPU
		Debug|x64 = Debug|x64
		Debug|x86 = Debug|x86
		Release|Any CPU = Release|Any CPU
		Release|x64 = Release|x64
		Release|x86 = Release|x86
	EndGlobalSection
	GlobalSection(ProjectConfigurationPlatforms) = postSolution
		{D1CF94CE-9D12-45E7-8B6F-F73AFAF8DADB}.Debug|Any CPU.ActiveCfg = Debug|Any CPU
		{D1CF94CE-9D12-45E7-8B6F-F73AFAF8DADB}.Debug|Any CPU.Build.0 = Debug|Any CPU
		{D1CF94CE-9D12-45E7-8B6F-F73AFAF8DADB}.Debug|x64.ActiveCfg = Debug|Any CPU
		{D1CF94CE-9D12-45E7-8B6F-F73AFAF8DADB}.Debug|x64.Build.0 = Debug|Any CPU
		{D1CF94CE-9D12-45E7-8B6F-F73AFAF8DADB}.Debug|x86.ActiveCfg = Debug|Any CPU
		{D1CF94CE-9D12-45E7-8B6F-F73AFAF8DADB}.Debug|x86.Build.0 = Debug|Any CPU
		{D1CF94CE-9D12-45E7-8B6F-F73AFAF8DADB}.Release|Any CPU.ActiveCfg = Release|Any CPU
		{D1CF94CE-9D12-45E7-8B6F-F73AFAF8DADB}.Release|Any CPU.Build.0 = Release|Any CPU
		{D1CF94CE-9D12-45E7-8B6F-F73AFAF8DADB}.Release|x64.ActiveCfg = Release|Any CPU
		{D1CF94CE-9D12-45E7-8B6F-F73AFAF8DADB}.Release|x64.Build.0 = Release|Any CPU
		{D1CF94CE-9D12-45E7-8B6F-F73AFAF8DADB}.Release|x86.ActiveCfg = Release|Any CPU
		{D1CF94CE-9D12-45E7-8B6F-F73AFAF8DADB}.Release|x86.Build.0 = Release|Any CPU
	EndGlobalSection
	GlobalSection(SolutionProperties) = preSolution
		HideSolutionNode = FALSE
	EndGlobalSection
EndGlobal
